{
  "name": "github-pages-template",
  "version": "1.0.0",
  "lockfileVersion": 1,
  "requires": true,
  "dependencies": {
    "template-writer": {
      "version": "1.1.0",
      "resolved": "https://registry.npmjs.org/template-writer/-/template-writer-1.1.0.tgz",
      "integrity": "sha512-lIVtFlrDIhC0pb2f/wpTeJaVJnKOk5wItD/iVLxcZYN6Jvib5Co+Bjaf3mnQhiG3cuEQMITeB0dZCYcD+qBncQ=="
    }
  }
}
